
Microsoft Visual Studio Solution File, Format Version 12.00
# Visual Studio Version 17
VisualStudioVersion = 17.8.34330.188
MinimumVisualStudioVersion = 10.0.40219.1
Project("{8BC9CEB8-8B4A-11D0-8D11-00A0C91BC942}") = "leksic", "leksic\leksic.vcxproj", "{2F06BF5A-14AB-432C-9358-4135B23231FF}"
EndProject
Global
	GlobalSection(SolutionConfigurationPlatforms) = preSolution
		Debug|x64 = Debug|x64
		Debug|x86 = Debug|x86
		Release|x64 = Release|x64
		Release|x86 = Release|x86
	EndGlobalSection
	GlobalSection(ProjectConfigurationPlatforms) = postSolution
		{2F06BF5A-14AB-432C-9358-4135B23231FF}.Debug|x64.ActiveCfg = Debug|x64
		{2F06BF5A-14AB-432C-9358-4135B23231FF}.Debug|x64.Build.0 = Debug|x64
		{2F06BF5A-14AB-432C-9358-4135B23231FF}.Debug|x86.ActiveCfg = Debug|Win32
		{2F06BF5A-14AB-432C-9358-4135B23231FF}.Debug|x86.Build.0 = Debug|Win32
		{2F06BF5A-14AB-432C-9358-4135B23231FF}.Release|x64.ActiveCfg = Release|x64
		{2F06BF5A-14AB-432C-9358-4135B23231FF}.Release|x64.Build.0 = Release|x64
		{2F06BF5A-14AB-432C-9358-4135B23231FF}.Release|x86.ActiveCfg = Release|Win32
		{2F06BF5A-14AB-432C-9358-4135B23231FF}.Release|x86.Build.0 = Release|Win32
	EndGlobalSection
	GlobalSection(SolutionProperties) = preSolution
		HideSolutionNode = FALSE
	EndGlobalSection
	GlobalSection(ExtensibilityGlobals) = postSolution
		SolutionGuid = {55BB5783-1195-410A-BA9B-B2053DFD9FEA}
	EndGlobalSection
EndGlobal
